<?xml version="1.0" encoding="UTF-8" standalone="yes" ?>
<CodeBlocks_project_file>
   <FileVersion major="1" minor="6" />
   <Project>
      <Option title="handprojector_calibration" />
      <Option makefile_is_custom="1" />
      <Option compiler="gcc" />
      <Option virtualFolders="CMake Files\;CMake Files\..\;CMake Files\..\..\;CMake Files\..\..\..\;CMake Files\..\..\..\usr\;CMake Files\..\..\..\usr\local\;CMake Files\..\..\..\usr\local\share\;CMake Files\..\..\..\usr\local\share\OpenCV\;" />
      <Build>
      <Target title="all">
         <Option working_dir="/home/duy/pico-projector/release" />
         <Option type="4" />
         <MakeCommands>
            <Build command="/usr/bin/make -f &quot;/home/duy/pico-projector/release/Makefile&quot;  VERBOSE=1 all" />
            <CompileFile command="/usr/bin/make -f &quot;/home/duy/pico-projector/release/Makefile&quot;  VERBOSE=1 &quot;$file&quot;" />
            <Clean command="/usr/bin/make -f &quot;/home/duy/pico-projector/release/Makefile&quot;  VERBOSE=1 clean" />
            <DistClean command="/usr/bin/make -f &quot;/home/duy/pico-projector/release/Makefile&quot;  VERBOSE=1 clean" />
         </MakeCommands>
      </Target>
      <Target title="handprojector_calibration">
         <Option output="/home/duy/pico-projector/release/libhandprojector_calibration.a" prefix_auto="0" extension_auto="0" />
         <Option working_dir="/home/duy/pico-projector/release" />
         <Option object_output="./" />
         <Option type="2" />
         <Option compiler="gcc" />
         <Compiler>
            <Add option="-DQT_NO_DEBUG" />
            <Add option="-DQT_GUI_LIB" />
            <Add option="-DQT_CORE_LIB" />
            <Add directory="/home/duy/pico-projector/include" />
            <Add directory="/usr/include/qt4" />
            <Add directory="/usr/include/qt4/QtCore" />
            <Add directory="/usr/include/qt4/QtGui" />
            <Add directory="/usr/local/include" />
            <Add directory="/usr/local/include/opencv" />
         </Compiler>
         <MakeCommands>
            <Build command="/usr/bin/make -f &quot;/home/duy/pico-projector/release/Makefile&quot;  VERBOSE=1 handprojector_calibration" />
            <CompileFile command="/usr/bin/make -f &quot;/home/duy/pico-projector/release/Makefile&quot;  VERBOSE=1 &quot;$file&quot;" />
            <Clean command="/usr/bin/make -f &quot;/home/duy/pico-projector/release/Makefile&quot;  VERBOSE=1 clean" />
            <DistClean command="/usr/bin/make -f &quot;/home/duy/pico-projector/release/Makefile&quot;  VERBOSE=1 clean" />
         </MakeCommands>
      </Target>
      <Target title="handprojector_calibration/fast">
         <Option output="/home/duy/pico-projector/release/libhandprojector_calibration.a" prefix_auto="0" extension_auto="0" />
         <Option working_dir="/home/duy/pico-projector/release" />
         <Option object_output="./" />
         <Option type="2" />
         <Option compiler="gcc" />
         <Compiler>
            <Add option="-DQT_NO_DEBUG" />
            <Add option="-DQT_GUI_LIB" />
            <Add option="-DQT_CORE_LIB" />
            <Add directory="/home/duy/pico-projector/include" />
            <Add directory="/usr/include/qt4" />
            <Add directory="/usr/include/qt4/QtCore" />
            <Add directory="/usr/include/qt4/QtGui" />
            <Add directory="/usr/local/include" />
            <Add directory="/usr/local/include/opencv" />
         </Compiler>
         <MakeCommands>
            <Build command="/usr/bin/make -f &quot;/home/duy/pico-projector/release/Makefile&quot;  VERBOSE=1 handprojector_calibration/fast" />
            <CompileFile command="/usr/bin/make -f &quot;/home/duy/pico-projector/release/Makefile&quot;  VERBOSE=1 &quot;$file&quot;" />
            <Clean command="/usr/bin/make -f &quot;/home/duy/pico-projector/release/Makefile&quot;  VERBOSE=1 clean" />
            <DistClean command="/usr/bin/make -f &quot;/home/duy/pico-projector/release/Makefile&quot;  VERBOSE=1 clean" />
         </MakeCommands>
      </Target>
      <Target title="handprojector_calibration_main">
         <Option output="/home/duy/pico-projector/release/handprojector_calibration_main" prefix_auto="0" extension_auto="0" />
         <Option working_dir="/home/duy/pico-projector/release" />
         <Option object_output="./" />
         <Option type="1" />
         <Option compiler="gcc" />
         <Compiler>
            <Add option="-DQT_NO_DEBUG" />
            <Add option="-DQT_GUI_LIB" />
            <Add option="-DQT_CORE_LIB" />
            <Add directory="/home/duy/pico-projector/include" />
            <Add directory="/usr/include/qt4" />
            <Add directory="/usr/include/qt4/QtCore" />
            <Add directory="/usr/include/qt4/QtGui" />
            <Add directory="/usr/local/include" />
            <Add directory="/usr/local/include/opencv" />
         </Compiler>
         <MakeCommands>
            <Build command="/usr/bin/make -f &quot;/home/duy/pico-projector/release/Makefile&quot;  VERBOSE=1 handprojector_calibration_main" />
            <CompileFile command="/usr/bin/make -f &quot;/home/duy/pico-projector/release/Makefile&quot;  VERBOSE=1 &quot;$file&quot;" />
            <Clean command="/usr/bin/make -f &quot;/home/duy/pico-projector/release/Makefile&quot;  VERBOSE=1 clean" />
            <DistClean command="/usr/bin/make -f &quot;/home/duy/pico-projector/release/Makefile&quot;  VERBOSE=1 clean" />
         </MakeCommands>
      </Target>
      <Target title="handprojector_calibration_main/fast">
         <Option output="/home/duy/pico-projector/release/handprojector_calibration_main" prefix_auto="0" extension_auto="0" />
         <Option working_dir="/home/duy/pico-projector/release" />
         <Option object_output="./" />
         <Option type="1" />
         <Option compiler="gcc" />
         <Compiler>
            <Add option="-DQT_NO_DEBUG" />
            <Add option="-DQT_GUI_LIB" />
            <Add option="-DQT_CORE_LIB" />
            <Add directory="/home/duy/pico-projector/include" />
            <Add directory="/usr/include/qt4" />
            <Add directory="/usr/include/qt4/QtCore" />
            <Add directory="/usr/include/qt4/QtGui" />
            <Add directory="/usr/local/include" />
            <Add directory="/usr/local/include/opencv" />
         </Compiler>
         <MakeCommands>
            <Build command="/usr/bin/make -f &quot;/home/duy/pico-projector/release/Makefile&quot;  VERBOSE=1 handprojector_calibration_main/fast" />
            <CompileFile command="/usr/bin/make -f &quot;/home/duy/pico-projector/release/Makefile&quot;  VERBOSE=1 &quot;$file&quot;" />
            <Clean command="/usr/bin/make -f &quot;/home/duy/pico-projector/release/Makefile&quot;  VERBOSE=1 clean" />
            <DistClean command="/usr/bin/make -f &quot;/home/duy/pico-projector/release/Makefile&quot;  VERBOSE=1 clean" />
         </MakeCommands>
      </Target>
      <Target title="install">
         <Option working_dir="/home/duy/pico-projector/release" />
         <Option type="4" />
         <MakeCommands>
            <Build command="/usr/bin/make -f &quot;/home/duy/pico-projector/release/Makefile&quot;  VERBOSE=1 install" />
            <CompileFile command="/usr/bin/make -f &quot;/home/duy/pico-projector/release/Makefile&quot;  VERBOSE=1 &quot;$file&quot;" />
            <Clean command="/usr/bin/make -f &quot;/home/duy/pico-projector/release/Makefile&quot;  VERBOSE=1 clean" />
            <DistClean command="/usr/bin/make -f &quot;/home/duy/pico-projector/release/Makefile&quot;  VERBOSE=1 clean" />
         </MakeCommands>
      </Target>
      <Target title="install/local">
         <Option working_dir="/home/duy/pico-projector/release" />
         <Option type="4" />
         <MakeCommands>
            <Build command="/usr/bin/make -f &quot;/home/duy/pico-projector/release/Makefile&quot;  VERBOSE=1 install/local" />
            <CompileFile command="/usr/bin/make -f &quot;/home/duy/pico-projector/release/Makefile&quot;  VERBOSE=1 &quot;$file&quot;" />
            <Clean command="/usr/bin/make -f &quot;/home/duy/pico-projector/release/Makefile&quot;  VERBOSE=1 clean" />
            <DistClean command="/usr/bin/make -f &quot;/home/duy/pico-projector/release/Makefile&quot;  VERBOSE=1 clean" />
         </MakeCommands>
      </Target>
      <Target title="install/strip">
         <Option working_dir="/home/duy/pico-projector/release" />
         <Option type="4" />
         <MakeCommands>
            <Build command="/usr/bin/make -f &quot;/home/duy/pico-projector/release/Makefile&quot;  VERBOSE=1 install/strip" />
            <CompileFile command="/usr/bin/make -f &quot;/home/duy/pico-projector/release/Makefile&quot;  VERBOSE=1 &quot;$file&quot;" />
            <Clean command="/usr/bin/make -f &quot;/home/duy/pico-projector/release/Makefile&quot;  VERBOSE=1 clean" />
            <DistClean command="/usr/bin/make -f &quot;/home/duy/pico-projector/release/Makefile&quot;  VERBOSE=1 clean" />
         </MakeCommands>
      </Target>
      <Target title="list_install_components">
         <Option working_dir="/home/duy/pico-projector/release" />
         <Option type="4" />
         <MakeCommands>
            <Build command="/usr/bin/make -f &quot;/home/duy/pico-projector/release/Makefile&quot;  VERBOSE=1 list_install_components" />
            <CompileFile command="/usr/bin/make -f &quot;/home/duy/pico-projector/release/Makefile&quot;  VERBOSE=1 &quot;$file&quot;" />
            <Clean command="/usr/bin/make -f &quot;/home/duy/pico-projector/release/Makefile&quot;  VERBOSE=1 clean" />
            <DistClean command="/usr/bin/make -f &quot;/home/duy/pico-projector/release/Makefile&quot;  VERBOSE=1 clean" />
         </MakeCommands>
      </Target>
      <Target title="rebuild_cache">
         <Option working_dir="/home/duy/pico-projector/release" />
         <Option type="4" />
         <MakeCommands>
            <Build command="/usr/bin/make -f &quot;/home/duy/pico-projector/release/Makefile&quot;  VERBOSE=1 rebuild_cache" />
            <CompileFile command="/usr/bin/make -f &quot;/home/duy/pico-projector/release/Makefile&quot;  VERBOSE=1 &quot;$file&quot;" />
            <Clean command="/usr/bin/make -f &quot;/home/duy/pico-projector/release/Makefile&quot;  VERBOSE=1 clean" />
            <DistClean command="/usr/bin/make -f &quot;/home/duy/pico-projector/release/Makefile&quot;  VERBOSE=1 clean" />
         </MakeCommands>
      </Target>
      </Build>
      <Unit filename="/home/duy/pico-projector/src/graycode.cpp">
      </Unit>
      <Unit filename="/home/duy/pico-projector/src/main.cpp">
      </Unit>
      <Unit filename="/home/duy/pico-projector/CMakeLists.txt">
          <Option virtualFolder="CMake Files\" />
      </Unit>
      <Unit filename="/home/duy/pico-projector/../../../usr/local/share/OpenCV/OpenCVConfig-version.cmake">
          <Option virtualFolder="CMake Files\..\..\..\usr\local\share\OpenCV\" />
      </Unit>
      <Unit filename="/home/duy/pico-projector/../../../usr/local/share/OpenCV/OpenCVConfig.cmake">
          <Option virtualFolder="CMake Files\..\..\..\usr\local\share\OpenCV\" />
      </Unit>
      <Unit filename="/home/duy/pico-projector/../../../usr/local/share/OpenCV/OpenCVModules.cmake">
          <Option virtualFolder="CMake Files\..\..\..\usr\local\share\OpenCV\" />
      </Unit>
      <Unit filename="/home/duy/pico-projector/../../../usr/local/share/OpenCV/OpenCVModules-release.cmake">
          <Option virtualFolder="CMake Files\..\..\..\usr\local\share\OpenCV\" />
      </Unit>
   </Project>
</CodeBlocks_project_file>
